// !$*UTF8*$!
{
	archiveVersion = 1;
	classes = {
	};
	objectVersion = 48;
	objects = {

/* Begin PBXBuildFile section */
		28A8455D1F98D86A006130D8 /* AppDelegate.swift in Sources */ = {isa = PBXBuildFile; fileRef = 28A8455C1F98D86A006130D8 /* AppDelegate.swift */; };
		28A8455F1F98D86A006130D8 /* ViewController.swift in Sources */ = {isa = PBXBuildFile; fileRef = 28A8455E1F98D86A006130D8 /* ViewController.swift */; };
		28A845621F98D86A006130D8 /* Main.storyboard in Resources */ = {isa = PBXBuildFile; fileRef = 28A845601F98D86A006130D8 /* Main.storyboard */; };
		28A845641F98D86A006130D8 /* Assets.xcassets in Resources */ = {isa = PBXBuildFile; fileRef = 28A845631F98D86A006130D8 /* Assets.xcassets */; };
		28A845671F98D86A006130D8 /* LaunchScreen.storyboard in Resources */ = {isa = PBXBuildFile; fileRef = 28A845651F98D86A006130D8 /* LaunchScreen.storyboard */; };
		28A845701F98DC10006130D8 /* PointOfSale.swift in Sources */ = {isa = PBXBuildFile; fileRef = 28A8456F1F98DC10006130D8 /* PointOfSale.swift */; };
		28A845721F98DEB7006130D8 /* Address.swift in Sources */ = {isa = PBXBuildFile; fileRef = 28A845711F98DEB7006130D8 /* Address.swift */; };
		28A845781F98E7AA006130D8 /* ApiClient.swift in Sources */ = {isa = PBXBuildFile; fileRef = 28A845771F98E7AA006130D8 /* ApiClient.swift */; };
/* End PBXBuildFile section */

/* Begin PBXFileReference section */
		28A845591F98D86A006130D8 /* ntr.app */ = {isa = PBXFileReference; explicitFileType = wrapper.application; includeInIndex = 0; path = ntr.app; sourceTree = BUILT_PRODUCTS_DIR; };
		28A8455C1F98D86A006130D8 /* AppDelegate.swift */ = {isa = PBXFileReference; lastKnownFileType = sourcecode.swift; path = AppDelegate.swift; sourceTree = "<group>"; };
		28A8455E1F98D86A006130D8 /* ViewController.swift */ = {isa = PBXFileReference; lastKnownFileType = sourcecode.swift; path = ViewController.swift; sourceTree = "<group>"; };
		28A845611F98D86A006130D8 /* Base */ = {isa = PBXFileReference; lastKnownFileType = file.storyboard; name = Base; path = Base.lproj/Main.storyboard; sourceTree = "<group>"; };
		28A845631F98D86A006130D8 /* Assets.xcassets */ = {isa = PBXFileReference; lastKnownFileType = folder.assetcatalog; path = Assets.xcassets; sourceTree = "<group>"; };
		28A845661F98D86A006130D8 /* Base */ = {isa = PBXFileReference; lastKnownFileType = file.storyboard; name = Base; path = Base.lproj/LaunchScreen.storyboard; sourceTree = "<group>"; };
		28A845681F98D86A006130D8 /* Info.plist */ = {isa = PBXFileReference; lastKnownFileType = text.plist.xml; path = Info.plist; sourceTree = "<group>"; };
		28A8456F1F98DC10006130D8 /* PointOfSale.swift */ = {isa = PBXFileReference; lastKnownFileType = sourcecode.swift; path = PointOfSale.swift; sourceTree = "<group>"; };
		28A845711F98DEB7006130D8 /* Address.swift */ = {isa = PBXFileReference; lastKnownFileType = sourcecode.swift; path = Address.swift; sourceTree = "<group>"; };
		28A845771F98E7AA006130D8 /* ApiClient.swift */ = {isa = PBXFileReference; fileEncoding = 4; lastKnownFileType = sourcecode.swift; path = ApiClient.swift; sourceTree = "<group>"; };
/* End PBXFileReference section */

/* Begin PBXFrameworksBuildPhase section */
		28A845561F98D86A006130D8 /* Frameworks */ = {
			isa = PBXFrameworksBuildPhase;
			buildActionMask = 2147483647;
			files = (
			);
			runOnlyForDeploymentPostprocessing = 0;
		};
/* End PBXFrameworksBuildPhase section */

/* Begin PBXGroup section */
		28A845501F98D86A006130D8 = {
			isa = PBXGroup;
			children = (
				28A8455B1F98D86A006130D8 /* ntr */,
				28A8455A1F98D86A006130D8 /* Products */,
			);
			sourceTree = "<group>";
		};
		28A8455A1F98D86A006130D8 /* Products */ = {
			isa = PBXGroup;
			children = (
				28A845591F98D86A006130D8 /* ntr.app */,
			);
			name = Products;
			sourceTree = "<group>";
		};
		28A8455B1F98D86A006130D8 /* ntr */ = {
			isa = PBXGroup;
			children = (
				28A8457B1F98F08F006130D8 /* App */,
				28A845761F98E791006130D8 /* ApiClient */,
				28A845751F98E6C3006130D8 /* Controllers */,
				28A8456E1F98DBB4006130D8 /* Models */,
				28A8457A1F98F075006130D8 /* Supporting files */,
				28A845791F98F066006130D8 /* Views */,
			);
			path = ntr;
			sourceTree = "<group>";
		};
		28A8456E1F98DBB4006130D8 /* Models */ = {
			isa = PBXGroup;
			children = (
				28A845711F98DEB7006130D8 /* Address.swift */,
				28A8456F1F98DC10006130D8 /* PointOfSale.swift */,
			);
			path = Models;
			sourceTree = "<group>";
		};
		28A845751F98E6C3006130D8 /* Controllers */ = {
			isa = PBXGroup;
			children = (
				28A8455E1F98D86A006130D8 /* ViewController.swift */,
			);
			path = Controllers;
			sourceTree = "<group>";
		};
		28A845761F98E791006130D8 /* ApiClient */ = {
			isa = PBXGroup;
			children = (
				28A845771F98E7AA006130D8 /* ApiClient.swift */,
			);
			path = ApiClient;
			sourceTree = "<group>";
		};
		28A845791F98F066006130D8 /* Views */ = {
			isa = PBXGroup;
			children = (
				28A845651F98D86A006130D8 /* LaunchScreen.storyboard */,
				28A845601F98D86A006130D8 /* Main.storyboard */,
			);
			path = Views;
			sourceTree = "<group>";
		};
		28A8457A1F98F075006130D8 /* Supporting files */ = {
			isa = PBXGroup;
			children = (
				28A845631F98D86A006130D8 /* Assets.xcassets */,
				28A845681F98D86A006130D8 /* Info.plist */,
			);
			path = "Supporting files";
			sourceTree = "<group>";
		};
		28A8457B1F98F08F006130D8 /* App */ = {
			isa = PBXGroup;
			children = (
				28A8455C1F98D86A006130D8 /* AppDelegate.swift */,
			);
			path = App;
			sourceTree = "<group>";
		};
/* End PBXGroup section */

/* Begin PBXNativeTarget section */
		28A845581F98D86A006130D8 /* ntr */ = {
			isa = PBXNativeTarget;
			buildConfigurationList = 28A8456B1F98D86A006130D8 /* Build configuration list for PBXNativeTarget "ntr" */;
			buildPhases = (
				28A845551F98D86A006130D8 /* Sources */,
				28A845561F98D86A006130D8 /* Frameworks */,
				28A845571F98D86A006130D8 /* Resources */,
			);
			buildRules = (
			);
			dependencies = (
			);
			name = ntr;
			productName = ntr;
			productReference = 28A845591F98D86A006130D8 /* ntr.app */;
			productType = "com.apple.product-type.application";
		};
/* End PBXNativeTarget section */

/* Begin PBXProject section */
		28A845511F98D86A006130D8 /* Project object */ = {
			isa = PBXProject;
			attributes = {
				LastSwiftUpdateCheck = 0900;
				LastUpgradeCheck = 0900;
				ORGANIZATIONNAME = "Oleg Pavlichenkov";
				TargetAttributes = {
					28A845581F98D86A006130D8 = {
						CreatedOnToolsVersion = 9.0.1;
						ProvisioningStyle = Automatic;
					};
				};
			};
			buildConfigurationList = 28A845541F98D86A006130D8 /* Build configuration list for PBXProject "ntr" */;
			compatibilityVersion = "Xcode 8.0";
			developmentRegion = en;
			hasScannedForEncodings = 0;
			knownRegions = (
				en,
				Base,
			);
			mainGroup = 28A845501F98D86A006130D8;
			productRefGroup = 28A8455A1F98D86A006130D8 /* Products */;
			projectDirPath = "";
			projectRoot = "";
			targets = (
				28A845581F98D86A006130D8 /* ntr */,
			);
		};
/* End PBXProject section */

/* Begin PBXResourcesBuildPhase section */
		28A845571F98D86A006130D8 /* Resources */ = {
			isa = PBXResourcesBuildPhase;
			buildActionMask = 2147483647;
			files = (
				28A845671F98D86A006130D8 /* LaunchScreen.storyboard in Resources */,
				28A845641F98D86A006130D8 /* Assets.xcassets in Resources */,
				28A845621F98D86A006130D8 /* Main.storyboard in Resources */,
			);
			runOnlyForDeploymentPostprocessing = 0;
		};
/* End PBXResourcesBuildPhase section */

/* Begin PBXSourcesBuildPhase section */
		28A845551F98D86A006130D8 /* Sources */ = {
			isa = PBXSourcesBuildPhase;
			buildActionMask = 2147483647;
			files = (
				28A845701F98DC10006130D8 /* PointOfSale.swift in Sources */,
				28A8455F1F98D86A006130D8 /* ViewController.swift in Sources */,
				28A845721F98DEB7006130D8 /* Address.swift in Sources */,
				28A8455D1F98D86A006130D8 /* AppDelegate.swift in Sources */,
				28A845781F98E7AA006130D8 /* ApiClient.swift in Sources */,
			);
			runOnlyForDeploymentPostprocessing = 0;
		};
/* End PBXSourcesBuildPhase section */

/* Begin PBXVariantGroup section */
		28A845601F98D86A006130D8 /* Main.storyboard */ = {
			isa = PBXVariantGroup;
			children = (
				28A845611F98D86A006130D8 /* Base */,
			);
			name = Main.storyboard;
			sourceTree = "<group>";
		};
		28A845651F98D86A006130D8 /* LaunchScreen.storyboard */ = {
			isa = PBXVariantGroup;
			children = (
				28A845661F98D86A006130D8 /* Base */,
			);
			name = LaunchScreen.storyboard;
			sourceTree = "<group>";
		};
/* End PBXVariantGroup section */

/* Begin XCBuildConfiguration section */
		28A845691F98D86A006130D8 /* Debug */ = {
			isa = XCBuildConfiguration;
			buildSettings = {
				ALWAYS_SEARCH_USER_PATHS = NO;
				CLANG_ANALYZER_NONNULL = YES;
				CLANG_ANALYZER_NUMBER_OBJECT_CONVERSION = YES_AGGRESSIVE;
				CLANG_CXX_LANGUAGE_STANDARD = "gnu++14";
				CLANG_CXX_LIBRARY = "libc++";
				CLANG_ENABLE_MODULES = YES;
				CLANG_ENABLE_OBJC_ARC = YES;
				CLANG_WARN_BLOCK_CAPTURE_AUTORELEASING = YES;
				CLANG_WARN_BOOL_CONVERSION = YES;
				CLANG_WARN_COMMA = YES;
				CLANG_WARN_CONSTANT_CONVERSION = YES;
				CLANG_WARN_DIRECT_OBJC_ISA_USAGE = YES_ERROR;
				CLANG_WARN_DOCUMENTATION_COMMENTS = YES;
				CLANG_WARN_EMPTY_BODY = YES;
				CLANG_WARN_ENUM_CONVERSION = YES;
				CLANG_WARN_INFINITE_RECURSION = YES;
				CLANG_WARN_INT_CONVERSION = YES;
				CLANG_WARN_NON_LITERAL_NULL_CONVERSION = YES;
				CLANG_WARN_OBJC_LITERAL_CONVERSION = YES;
				CLANG_WARN_OBJC_ROOT_CLASS = YES_ERROR;
				CLANG_WARN_RANGE_LOOP_ANALYSIS = YES;
				CLANG_WARN_STRICT_PROTOTYPES = YES;
				CLANG_WARN_SUSPICIOUS_MOVE = YES;
				CLANG_WARN_UNGUARDED_AVAILABILITY = YES_AGGRESSIVE;
				CLANG_WARN_UNREACHABLE_CODE = YES;
				CLANG_WARN__DUPLICATE_METHOD_MATCH = YES;
				CODE_SIGN_IDENTITY = "iPhone Developer";
				COPY_PHASE_STRIP = NO;
				DEBUG_INFORMATION_FORMAT = dwarf;
				ENABLE_STRICT_OBJC_MSGSEND = YES;
				ENABLE_TESTABILITY = YES;
				GCC_C_LANGUAGE_STANDARD = gnu11;
				GCC_DYNAMIC_NO_PIC = NO;
				GCC_NO_COMMON_BLOCKS = YES;
				GCC_OPTIMIZATION_LEVEL = 0;
				GCC_PREPROCESSOR_DEFINITIONS = (
					"DEBUG=1",
					"$(inherited)",
				);
				GCC_WARN_64_TO_32_BIT_CONVERSION = YES;
				GCC_WARN_ABOUT_RETURN_TYPE = YES_ERROR;
				GCC_WARN_UNDECLARED_SELECTOR = YES;
				GCC_WARN_UNINITIALIZED_AUTOS = YES_AGGRESSIVE;
				GCC_WARN_UNUSED_FUNCTION = YES;
				GCC_WARN_UNUSED_VARIABLE = YES;
				IPHONEOS_DEPLOYMENT_TARGET = 11.0;
				MTL_ENABLE_DEBUG_INFO = YES;
				ONLY_ACTIVE_ARCH = YES;
				SDKROOT = iphoneos;
				SWIFT_ACTIVE_COMPILATION_CONDITIONS = DEBUG;
				SWIFT_OPTIMIZATION_LEVEL = "-Onone";
			};
			name = Debug;
		};
		28A8456A1F98D86A006130D8 /* Release */ = {
			isa = XCBuildConfiguration;
			buildSettings = {
				ALWAYS_SEARCH_USER_PATHS = NO;
				CLANG_ANALYZER_NONNULL = YES;
				CLANG_ANALYZER_NUMBER_OBJECT_CONVERSION = YES_AGGRESSIVE;
				CLANG_CXX_LANGUAGE_STANDARD = "gnu++14";
				CLANG_CXX_LIBRARY = "libc++";
				CLANG_ENABLE_MODULES = YES;
				CLANG_ENABLE_OBJC_ARC = YES;
				CLANG_WARN_BLOCK_CAPTURE_AUTORELEASING = YES;
				CLANG_WARN_BOOL_CONVERSION = YES;
				CLANG_WARN_COMMA = YES;
				CLANG_WARN_CONSTANT_CONVERSION = YES;
				CLANG_WARN_DIRECT_OBJC_ISA_USAGE = YES_ERROR;
				CLANG_WARN_DOCUMENTATION_COMMENTS = YES;
				CLANG_WARN_EMPTY_BODY = YES;
				CLANG_WARN_ENUM_CONVERSION = YES;
				CLANG_WARN_INFINITE_RECURSION = YES;
				CLANG_WARN_INT_CONVERSION = YES;
				CLANG_WARN_NON_LITERAL_NULL_CONVERSION = YES;
				CLANG_WARN_OBJC_LITERAL_CONVERSION = YES;
				CLANG_WARN_OBJC_ROOT_CLASS = YES_ERROR;
				CLANG_WARN_RANGE_LOOP_ANALYSIS = YES;
				CLANG_WARN_STRICT_PROTOTYPES = YES;
				CLANG_WARN_SUSPICIOUS_MOVE = YES;
				CLANG_WARN_UNGUARDED_AVAILABILITY = YES_AGGRESSIVE;
				CLANG_WARN_UNREACHABLE_CODE = YES;
				CLANG_WARN__DUPLICATE_METHOD_MATCH = YES;
				CODE_SIGN_IDENTITY = "iPhone Developer";
				COPY_PHASE_STRIP = NO;
				DEBUG_INFORMATION_FORMAT = "dwarf-with-dsym";
				ENABLE_NS_ASSERTIONS = NO;
				ENABLE_STRICT_OBJC_MSGSEND = YES;
				GCC_C_LANGUAGE_STANDARD = gnu11;
				GCC_NO_COMMON_BLOCKS = YES;
				GCC_WARN_64_TO_32_BIT_CONVERSION = YES;
				GCC_WARN_ABOUT_RETURN_TYPE = YES_ERROR;
				GCC_WARN_UNDECLARED_SELECTOR = YES;
				GCC_WARN_UNINITIALIZED_AUTOS = YES_AGGRESSIVE;
				GCC_WARN_UNUSED_FUNCTION = YES;
				GCC_WARN_UNUSED_VARIABLE = YES;
				IPHONEOS_DEPLOYMENT_TARGET = 11.0;
				MTL_ENABLE_DEBUG_INFO = NO;
				SDKROOT = iphoneos;
				SWIFT_OPTIMIZATION_LEVEL = "-Owholemodule";
				VALIDATE_PRODUCT = YES;
			};
			name = Release;
		};
		28A8456C1F98D86A006130D8 /* Debug */ = {
			isa = XCBuildConfiguration;
			buildSettings = {
				ASSETCATALOG_COMPILER_APPICON_NAME = AppIcon;
				CODE_SIGN_STYLE = Automatic;
				DEVELOPMENT_TEAM = 4Y4DUJVCEZ;
				INFOPLIST_FILE = ntr/Info.plist;
				IPHONEOS_DEPLOYMENT_TARGET = 10.3;
				LD_RUNPATH_SEARCH_PATHS = "$(inherited) @executable_path/Frameworks";
				PRODUCT_BUNDLE_IDENTIFIER = "com.just-eng.ntr";
				PRODUCT_NAME = "$(TARGET_NAME)";
				SWIFT_VERSION = 4.0;
				TARGETED_DEVICE_FAMILY = "1,2";
			};
			name = Debug;
		};
		28A8456D1F98D86A006130D8 /* Release */ = {
			isa = XCBuildConfiguration;
			buildSettings = {
				ASSETCATALOG_COMPILER_APPICON_NAME = AppIcon;
				CODE_SIGN_STYLE = Automatic;
				DEVELOPMENT_TEAM = 4Y4DUJVCEZ;
				INFOPLIST_FILE = ntr/Info.plist;
				IPHONEOS_DEPLOYMENT_TARGET = 10.3;
				LD_RUNPATH_SEARCH_PATHS = "$(inherited) @executable_path/Frameworks";
				PRODUCT_BUNDLE_IDENTIFIER = "com.just-eng.ntr";
				PRODUCT_NAME = "$(TARGET_NAME)";
				SWIFT_VERSION = 4.0;
				TARGETED_DEVICE_FAMILY = "1,2";
			};
			name = Release;
		};
/* End XCBuildConfiguration section */

/* Begin XCConfigurationList section */
		28A845541F98D86A006130D8 /* Build configuration list for PBXProject "ntr" */ = {
			isa = XCConfigurationList;
			buildConfigurations = (
				28A845691F98D86A006130D8 /* Debug */,
				28A8456A1F98D86A006130D8 /* Release */,
			);
			defaultConfigurationIsVisible = 0;
			defaultConfigurationName = Release;
		};
		28A8456B1F98D86A006130D8 /* Build configuration list for PBXNativeTarget "ntr" */ = {
			isa = XCConfigurationList;
			buildConfigurations = (
				28A8456C1F98D86A006130D8 /* Debug */,
				28A8456D1F98D86A006130D8 /* Release */,
			);
			defaultConfigurationIsVisible = 0;
			defaultConfigurationName = Release;
		};
/* End XCConfigurationList section */
	};
	rootObject = 28A845511F98D86A006130D8 /* Project object */;
}
